
Microsoft Visual Studio Solution File, Format Version 12.00
# Visual Studio 15
VisualStudioVersion = 15.0.28010.2026
MinimumVisualStudioVersion = 10.0.40219.1
Project("{FAE04EC0-301F-11D3-BF4B-00C04F79EFBC}") = "Linq_ManyToMany", "Linq_ManyToMany\Linq_ManyToMany.csproj", "{C9F2EDD6-2F49-48B9-89C8-66807AA0ACCC}"
EndProject
Global
	GlobalSection(SolutionConfigurationPlatforms) = preSolution
		Debug|Any CPU = Debug|Any CPU
		Release|Any CPU = Release|Any CPU
	EndGlobalSection
	GlobalSection(ProjectConfigurationPlatforms) = postSolution
		{C9F2EDD6-2F49-48B9-89C8-66807AA0ACCC}.Debug|Any CPU.ActiveCfg = Debug|Any CPU
		{C9F2EDD6-2F49-48B9-89C8-66807AA0ACCC}.Debug|Any CPU.Build.0 = Debug|Any CPU
		{C9F2EDD6-2F49-48B9-89C8-66807AA0ACCC}.Release|Any CPU.ActiveCfg = Release|Any CPU
		{C9F2EDD6-2F49-48B9-89C8-66807AA0ACCC}.Release|Any CPU.Build.0 = Release|Any CPU
	EndGlobalSection
	GlobalSection(SolutionProperties) = preSolution
		HideSolutionNode = FALSE
	EndGlobalSection
	GlobalSection(ExtensibilityGlobals) = postSolution
		SolutionGuid = {B25CEA9B-517A-4024-AA93-129DC73CDD94}
	EndGlobalSection
EndGlobal
