
Microsoft Visual Studio Solution File, Format Version 12.00
# Visual Studio 15
VisualStudioVersion = 15.0.28010.2026
MinimumVisualStudioVersion = 10.0.40219.1
Project("{FAE04EC0-301F-11D3-BF4B-00C04F79EFBC}") = "Linq_ManyToMany_Lect", "Linq_ManyToMany_Lect\Linq_ManyToMany_Lect.csproj", "{C387CCCB-C46C-474B-8CE7-7B1B7CBB431E}"
EndProject
Global
	GlobalSection(SolutionConfigurationPlatforms) = preSolution
		Debug|Any CPU = Debug|Any CPU
		Release|Any CPU = Release|Any CPU
	EndGlobalSection
	GlobalSection(ProjectConfigurationPlatforms) = postSolution
		{C387CCCB-C46C-474B-8CE7-7B1B7CBB431E}.Debug|Any CPU.ActiveCfg = Debug|Any CPU
		{C387CCCB-C46C-474B-8CE7-7B1B7CBB431E}.Debug|Any CPU.Build.0 = Debug|Any CPU
		{C387CCCB-C46C-474B-8CE7-7B1B7CBB431E}.Release|Any CPU.ActiveCfg = Release|Any CPU
		{C387CCCB-C46C-474B-8CE7-7B1B7CBB431E}.Release|Any CPU.Build.0 = Release|Any CPU
	EndGlobalSection
	GlobalSection(SolutionProperties) = preSolution
		HideSolutionNode = FALSE
	EndGlobalSection
	GlobalSection(ExtensibilityGlobals) = postSolution
		SolutionGuid = {ED3EF29B-EEFB-454C-887A-4F026CCE5AD0}
	EndGlobalSection
EndGlobal
